
Microsoft Visual Studio Solution File, Format Version 12.00
# Visual Studio 15
VisualStudioVersion = 15.0.28010.2048
MinimumVisualStudioVersion = 10.0.40219.1
Project("{FAE04EC0-301F-11D3-BF4B-00C04F79EFBC}") = "MyCalculator", "MyCalculator\MyCalculator.csproj", "{03E34AB7-71B7-4EBC-9B89-A9C7D51C6F0B}"
EndProject
Global
	GlobalSection(SolutionConfigurationPlatforms) = preSolution
		Debug|Any CPU = Debug|Any CPU
		Release|Any CPU = Release|Any CPU
	EndGlobalSection
	GlobalSection(ProjectConfigurationPlatforms) = postSolution
		{03E34AB7-71B7-4EBC-9B89-A9C7D51C6F0B}.Debug|Any CPU.ActiveCfg = Debug|Any CPU
		{03E34AB7-71B7-4EBC-9B89-A9C7D51C6F0B}.Debug|Any CPU.Build.0 = Debug|Any CPU
		{03E34AB7-71B7-4EBC-9B89-A9C7D51C6F0B}.Release|Any CPU.ActiveCfg = Release|Any CPU
		{03E34AB7-71B7-4EBC-9B89-A9C7D51C6F0B}.Release|Any CPU.Build.0 = Release|Any CPU
	EndGlobalSection
	GlobalSection(SolutionProperties) = preSolution
		HideSolutionNode = FALSE
	EndGlobalSection
	GlobalSection(ExtensibilityGlobals) = postSolution
		SolutionGuid = {8E5B7BDC-EC22-4CA6-AB0A-C09F9D2D1B4A}
	EndGlobalSection
EndGlobal
